// !$*UTF8*$!
{
	archiveVersion = 1;
	classes = {
	};
	objectVersion = 50;
	objects = {

/* Begin PBXBuildFile section */
		7D437C002172845F00B65CDC /* AppDelegate.swift in Sources */ = {isa = PBXBuildFile; fileRef = 7D437BFF2172845F00B65CDC /* AppDelegate.swift */; };
		7D437C022172845F00B65CDC /* ViewController.swift in Sources */ = {isa = PBXBuildFile; fileRef = 7D437C012172845F00B65CDC /* ViewController.swift */; };
		7D437C052172845F00B65CDC /* Main.storyboard in Resources */ = {isa = PBXBuildFile; fileRef = 7D437C032172845F00B65CDC /* Main.storyboard */; };
		7D437C082172845F00B65CDC /* TestingCoreData.xcdatamodeld in Sources */ = {isa = PBXBuildFile; fileRef = 7D437C062172845F00B65CDC /* TestingCoreData.xcdatamodeld */; };
		7D437C0A2172846000B65CDC /* Assets.xcassets in Resources */ = {isa = PBXBuildFile; fileRef = 7D437C092172846000B65CDC /* Assets.xcassets */; };
		7D437C0D2172846000B65CDC /* LaunchScreen.storyboard in Resources */ = {isa = PBXBuildFile; fileRef = 7D437C0B2172846000B65CDC /* LaunchScreen.storyboard */; };
		7D437C1E2172B51700B65CDC /* Category+CoreDataClass.swift in Sources */ = {isa = PBXBuildFile; fileRef = 7D437C1C2172B51700B65CDC /* Category+CoreDataClass.swift */; };
		7D437C1F2172B51700B65CDC /* Category+CoreDataProperties.swift in Sources */ = {isa = PBXBuildFile; fileRef = 7D437C1D2172B51700B65CDC /* Category+CoreDataProperties.swift */; };
		7D437C222172BB8500B65CDC /* SubCategory+CoreDataClass.swift in Sources */ = {isa = PBXBuildFile; fileRef = 7D437C202172BB8500B65CDC /* SubCategory+CoreDataClass.swift */; };
		7D437C232172BB8500B65CDC /* SubCategory+CoreDataProperties.swift in Sources */ = {isa = PBXBuildFile; fileRef = 7D437C212172BB8500B65CDC /* SubCategory+CoreDataProperties.swift */; };
/* End PBXBuildFile section */

/* Begin PBXFileReference section */
		7D437BFC2172845F00B65CDC /* TestingCoreData.app */ = {isa = PBXFileReference; explicitFileType = wrapper.application; includeInIndex = 0; path = TestingCoreData.app; sourceTree = BUILT_PRODUCTS_DIR; };
		7D437BFF2172845F00B65CDC /* AppDelegate.swift */ = {isa = PBXFileReference; lastKnownFileType = sourcecode.swift; path = AppDelegate.swift; sourceTree = "<group>"; };
		7D437C012172845F00B65CDC /* ViewController.swift */ = {isa = PBXFileReference; lastKnownFileType = sourcecode.swift; path = ViewController.swift; sourceTree = "<group>"; };
		7D437C042172845F00B65CDC /* Base */ = {isa = PBXFileReference; lastKnownFileType = file.storyboard; name = Base; path = Base.lproj/Main.storyboard; sourceTree = "<group>"; };
		7D437C072172845F00B65CDC /* TestingCoreData.xcdatamodel */ = {isa = PBXFileReference; lastKnownFileType = wrapper.xcdatamodel; path = TestingCoreData.xcdatamodel; sourceTree = "<group>"; };
		7D437C092172846000B65CDC /* Assets.xcassets */ = {isa = PBXFileReference; lastKnownFileType = folder.assetcatalog; path = Assets.xcassets; sourceTree = "<group>"; };
		7D437C0C2172846000B65CDC /* Base */ = {isa = PBXFileReference; lastKnownFileType = file.storyboard; name = Base; path = Base.lproj/LaunchScreen.storyboard; sourceTree = "<group>"; };
		7D437C0E2172846000B65CDC /* Info.plist */ = {isa = PBXFileReference; lastKnownFileType = text.plist.xml; path = Info.plist; sourceTree = "<group>"; };
		7D437C1C2172B51700B65CDC /* Category+CoreDataClass.swift */ = {isa = PBXFileReference; lastKnownFileType = sourcecode.swift; path = "Category+CoreDataClass.swift"; sourceTree = "<group>"; };
		7D437C1D2172B51700B65CDC /* Category+CoreDataProperties.swift */ = {isa = PBXFileReference; lastKnownFileType = sourcecode.swift; path = "Category+CoreDataProperties.swift"; sourceTree = "<group>"; };
		7D437C202172BB8500B65CDC /* SubCategory+CoreDataClass.swift */ = {isa = PBXFileReference; lastKnownFileType = sourcecode.swift; path = "SubCategory+CoreDataClass.swift"; sourceTree = "<group>"; };
		7D437C212172BB8500B65CDC /* SubCategory+CoreDataProperties.swift */ = {isa = PBXFileReference; lastKnownFileType = sourcecode.swift; path = "SubCategory+CoreDataProperties.swift"; sourceTree = "<group>"; };
/* End PBXFileReference section */

/* Begin PBXFrameworksBuildPhase section */
		7D437BF92172845F00B65CDC /* Frameworks */ = {
			isa = PBXFrameworksBuildPhase;
			buildActionMask = 2147483647;
			files = (
			);
			runOnlyForDeploymentPostprocessing = 0;
		};
/* End PBXFrameworksBuildPhase section */

/* Begin PBXGroup section */
		7D437BF32172845F00B65CDC = {
			isa = PBXGroup;
			children = (
				7D437C202172BB8500B65CDC /* SubCategory+CoreDataClass.swift */,
				7D437C212172BB8500B65CDC /* SubCategory+CoreDataProperties.swift */,
				7D437C1C2172B51700B65CDC /* Category+CoreDataClass.swift */,
				7D437C1D2172B51700B65CDC /* Category+CoreDataProperties.swift */,
				7D437BFE2172845F00B65CDC /* TestingCoreData */,
				7D437BFD2172845F00B65CDC /* Products */,
			);
			sourceTree = "<group>";
		};
		7D437BFD2172845F00B65CDC /* Products */ = {
			isa = PBXGroup;
			children = (
				7D437BFC2172845F00B65CDC /* TestingCoreData.app */,
			);
			name = Products;
			sourceTree = "<group>";
		};
		7D437BFE2172845F00B65CDC /* TestingCoreData */ = {
			isa = PBXGroup;
			children = (
				7D437BFF2172845F00B65CDC /* AppDelegate.swift */,
				7D437C012172845F00B65CDC /* ViewController.swift */,
				7D437C032172845F00B65CDC /* Main.storyboard */,
				7D437C092172846000B65CDC /* Assets.xcassets */,
				7D437C0B2172846000B65CDC /* LaunchScreen.storyboard */,
				7D437C0E2172846000B65CDC /* Info.plist */,
				7D437C062172845F00B65CDC /* TestingCoreData.xcdatamodeld */,
			);
			path = TestingCoreData;
			sourceTree = "<group>";
		};
/* End PBXGroup section */

/* Begin PBXNativeTarget section */
		7D437BFB2172845F00B65CDC /* TestingCoreData */ = {
			isa = PBXNativeTarget;
			buildConfigurationList = 7D437C112172846000B65CDC /* Build configuration list for PBXNativeTarget "TestingCoreData" */;
			buildPhases = (
				7D437BF82172845F00B65CDC /* Sources */,
				7D437BF92172845F00B65CDC /* Frameworks */,
				7D437BFA2172845F00B65CDC /* Resources */,
			);
			buildRules = (
			);
			dependencies = (
			);
			name = TestingCoreData;
			productName = TestingCoreData;
			productReference = 7D437BFC2172845F00B65CDC /* TestingCoreData.app */;
			productType = "com.apple.product-type.application";
		};
/* End PBXNativeTarget section */

/* Begin PBXProject section */
		7D437BF42172845F00B65CDC /* Project object */ = {
			isa = PBXProject;
			attributes = {
				LastSwiftUpdateCheck = 1000;
				LastUpgradeCheck = 1000;
				ORGANIZATIONNAME = Jamie;
				TargetAttributes = {
					7D437BFB2172845F00B65CDC = {
						CreatedOnToolsVersion = 10.0;
					};
				};
			};
			buildConfigurationList = 7D437BF72172845F00B65CDC /* Build configuration list for PBXProject "TestingCoreData" */;
			compatibilityVersion = "Xcode 9.3";
			developmentRegion = en;
			hasScannedForEncodings = 0;
			knownRegions = (
				en,
				Base,
			);
			mainGroup = 7D437BF32172845F00B65CDC;
			productRefGroup = 7D437BFD2172845F00B65CDC /* Products */;
			projectDirPath = "";
			projectRoot = "";
			targets = (
				7D437BFB2172845F00B65CDC /* TestingCoreData */,
			);
		};
/* End PBXProject section */

/* Begin PBXResourcesBuildPhase section */
		7D437BFA2172845F00B65CDC /* Resources */ = {
			isa = PBXResourcesBuildPhase;
			buildActionMask = 2147483647;
			files = (
				7D437C0D2172846000B65CDC /* LaunchScreen.storyboard in Resources */,
				7D437C0A2172846000B65CDC /* Assets.xcassets in Resources */,
				7D437C052172845F00B65CDC /* Main.storyboard in Resources */,
			);
			runOnlyForDeploymentPostprocessing = 0;
		};
/* End PBXResourcesBuildPhase section */

/* Begin PBXSourcesBuildPhase section */
		7D437BF82172845F00B65CDC /* Sources */ = {
			isa = PBXSourcesBuildPhase;
			buildActionMask = 2147483647;
			files = (
				7D437C222172BB8500B65CDC /* SubCategory+CoreDataClass.swift in Sources */,
				7D437C022172845F00B65CDC /* ViewController.swift in Sources */,
				7D437C1F2172B51700B65CDC /* Category+CoreDataProperties.swift in Sources */,
				7D437C232172BB8500B65CDC /* SubCategory+CoreDataProperties.swift in Sources */,
				7D437C1E2172B51700B65CDC /* Category+CoreDataClass.swift in Sources */,
				7D437C082172845F00B65CDC /* TestingCoreData.xcdatamodeld in Sources */,
				7D437C002172845F00B65CDC /* AppDelegate.swift in Sources */,
			);
			runOnlyForDeploymentPostprocessing = 0;
		};
/* End PBXSourcesBuildPhase section */

/* Begin PBXVariantGroup section */
		7D437C032172845F00B65CDC /* Main.storyboard */ = {
			isa = PBXVariantGroup;
			children = (
				7D437C042172845F00B65CDC /* Base */,
			);
			name = Main.storyboard;
			sourceTree = "<group>";
		};
		7D437C0B2172846000B65CDC /* LaunchScreen.storyboard */ = {
			isa = PBXVariantGroup;
			children = (
				7D437C0C2172846000B65CDC /* Base */,
			);
			name = LaunchScreen.storyboard;
			sourceTree = "<group>";
		};
/* End PBXVariantGroup section */

/* Begin XCBuildConfiguration section */
		7D437C0F2172846000B65CDC /* Debug */ = {
			isa = XCBuildConfiguration;
			buildSettings = {
				ALWAYS_SEARCH_USER_PATHS = NO;
				CLANG_ANALYZER_NONNULL = YES;
				CLANG_ANALYZER_NUMBER_OBJECT_CONVERSION = YES_AGGRESSIVE;
				CLANG_CXX_LANGUAGE_STANDARD = "gnu++14";
				CLANG_CXX_LIBRARY = "libc++";
				CLANG_ENABLE_MODULES = YES;
				CLANG_ENABLE_OBJC_ARC = YES;
				CLANG_ENABLE_OBJC_WEAK = YES;
				CLANG_WARN_BLOCK_CAPTURE_AUTORELEASING = YES;
				CLANG_WARN_BOOL_CONVERSION = YES;
				CLANG_WARN_COMMA = YES;
				CLANG_WARN_CONSTANT_CONVERSION = YES;
				CLANG_WARN_DEPRECATED_OBJC_IMPLEMENTATIONS = YES;
				CLANG_WARN_DIRECT_OBJC_ISA_USAGE = YES_ERROR;
				CLANG_WARN_DOCUMENTATION_COMMENTS = YES;
				CLANG_WARN_EMPTY_BODY = YES;
				CLANG_WARN_ENUM_CONVERSION = YES;
				CLANG_WARN_INFINITE_RECURSION = YES;
				CLANG_WARN_INT_CONVERSION = YES;
				CLANG_WARN_NON_LITERAL_NULL_CONVERSION = YES;
				CLANG_WARN_OBJC_IMPLICIT_RETAIN_SELF = YES;
				CLANG_WARN_OBJC_LITERAL_CONVERSION = YES;
				CLANG_WARN_OBJC_ROOT_CLASS = YES_ERROR;
				CLANG_WARN_RANGE_LOOP_ANALYSIS = YES;
				CLANG_WARN_STRICT_PROTOTYPES = YES;
				CLANG_WARN_SUSPICIOUS_MOVE = YES;
				CLANG_WARN_UNGUARDED_AVAILABILITY = YES_AGGRESSIVE;
				CLANG_WARN_UNREACHABLE_CODE = YES;
				CLANG_WARN__DUPLICATE_METHOD_MATCH = YES;
				CODE_SIGN_IDENTITY = "iPhone Developer";
				COPY_PHASE_STRIP = NO;
				DEBUG_INFORMATION_FORMAT = dwarf;
				ENABLE_STRICT_OBJC_MSGSEND = YES;
				ENABLE_TESTABILITY = YES;
				GCC_C_LANGUAGE_STANDARD = gnu11;
				GCC_DYNAMIC_NO_PIC = NO;
				GCC_NO_COMMON_BLOCKS = YES;
				GCC_OPTIMIZATION_LEVEL = 0;
				GCC_PREPROCESSOR_DEFINITIONS = (
					"DEBUG=1",
					"$(inherited)",
				);
				GCC_WARN_64_TO_32_BIT_CONVERSION = YES;
				GCC_WARN_ABOUT_RETURN_TYPE = YES_ERROR;
				GCC_WARN_UNDECLARED_SELECTOR = YES;
				GCC_WARN_UNINITIALIZED_AUTOS = YES_AGGRESSIVE;
				GCC_WARN_UNUSED_FUNCTION = YES;
				GCC_WARN_UNUSED_VARIABLE = YES;
				IPHONEOS_DEPLOYMENT_TARGET = 12.0;
				MTL_ENABLE_DEBUG_INFO = INCLUDE_SOURCE;
				MTL_FAST_MATH = YES;
				ONLY_ACTIVE_ARCH = YES;
				SDKROOT = iphoneos;
				SWIFT_ACTIVE_COMPILATION_CONDITIONS = DEBUG;
				SWIFT_OPTIMIZATION_LEVEL = "-Onone";
			};
			name = Debug;
		};
		7D437C102172846000B65CDC /* Release */ = {
			isa = XCBuildConfiguration;
			buildSettings = {
				ALWAYS_SEARCH_USER_PATHS = NO;
				CLANG_ANALYZER_NONNULL = YES;
				CLANG_ANALYZER_NUMBER_OBJECT_CONVERSION = YES_AGGRESSIVE;
				CLANG_CXX_LANGUAGE_STANDARD = "gnu++14";
				CLANG_CXX_LIBRARY = "libc++";
				CLANG_ENABLE_MODULES = YES;
				CLANG_ENABLE_OBJC_ARC = YES;
				CLANG_ENABLE_OBJC_WEAK = YES;
				CLANG_WARN_BLOCK_CAPTURE_AUTORELEASING = YES;
				CLANG_WARN_BOOL_CONVERSION = YES;
				CLANG_WARN_COMMA = YES;
				CLANG_WARN_CONSTANT_CONVERSION = YES;
				CLANG_WARN_DEPRECATED_OBJC_IMPLEMENTATIONS = YES;
				CLANG_WARN_DIRECT_OBJC_ISA_USAGE = YES_ERROR;
				CLANG_WARN_DOCUMENTATION_COMMENTS = YES;
				CLANG_WARN_EMPTY_BODY = YES;
				CLANG_WARN_ENUM_CONVERSION = YES;
				CLANG_WARN_INFINITE_RECURSION = YES;
				CLANG_WARN_INT_CONVERSION = YES;
				CLANG_WARN_NON_LITERAL_NULL_CONVERSION = YES;
				CLANG_WARN_OBJC_IMPLICIT_RETAIN_SELF = YES;
				CLANG_WARN_OBJC_LITERAL_CONVERSION = YES;
				CLANG_WARN_OBJC_ROOT_CLASS = YES_ERROR;
				CLANG_WARN_RANGE_LOOP_ANALYSIS = YES;
				CLANG_WARN_STRICT_PROTOTYPES = YES;
				CLANG_WARN_SUSPICIOUS_MOVE = YES;
				CLANG_WARN_UNGUARDED_AVAILABILITY = YES_AGGRESSIVE;
				CLANG_WARN_UNREACHABLE_CODE = YES;
				CLANG_WARN__DUPLICATE_METHOD_MATCH = YES;
				CODE_SIGN_IDENTITY = "iPhone Developer";
				COPY_PHASE_STRIP = NO;
				DEBUG_INFORMATION_FORMAT = "dwarf-with-dsym";
				ENABLE_NS_ASSERTIONS = NO;
				ENABLE_STRICT_OBJC_MSGSEND = YES;
				GCC_C_LANGUAGE_STANDARD = gnu11;
				GCC_NO_COMMON_BLOCKS = YES;
				GCC_WARN_64_TO_32_BIT_CONVERSION = YES;
				GCC_WARN_ABOUT_RETURN_TYPE = YES_ERROR;
				GCC_WARN_UNDECLARED_SELECTOR = YES;
				GCC_WARN_UNINITIALIZED_AUTOS = YES_AGGRESSIVE;
				GCC_WARN_UNUSED_FUNCTION = YES;
				GCC_WARN_UNUSED_VARIABLE = YES;
				IPHONEOS_DEPLOYMENT_TARGET = 12.0;
				MTL_ENABLE_DEBUG_INFO = NO;
				MTL_FAST_MATH = YES;
				SDKROOT = iphoneos;
				SWIFT_COMPILATION_MODE = wholemodule;
				SWIFT_OPTIMIZATION_LEVEL = "-O";
				VALIDATE_PRODUCT = YES;
			};
			name = Release;
		};
		7D437C122172846000B65CDC /* Debug */ = {
			isa = XCBuildConfiguration;
			buildSettings = {
				ASSETCATALOG_COMPILER_APPICON_NAME = AppIcon;
				CODE_SIGN_STYLE = Automatic;
				DEVELOPMENT_TEAM = W7K9Q4Z2Y3;
				INFOPLIST_FILE = TestingCoreData/Info.plist;
				LD_RUNPATH_SEARCH_PATHS = (
					"$(inherited)",
					"@executable_path/Frameworks",
				);
				PRODUCT_BUNDLE_IDENTIFIER = "Feeny-Corp.TestingCoreData";
				PRODUCT_NAME = "$(TARGET_NAME)";
				SWIFT_VERSION = 4.2;
				TARGETED_DEVICE_FAMILY = "1,2";
			};
			name = Debug;
		};
		7D437C132172846000B65CDC /* Release */ = {
			isa = XCBuildConfiguration;
			buildSettings = {
				ASSETCATALOG_COMPILER_APPICON_NAME = AppIcon;
				CODE_SIGN_STYLE = Automatic;
				DEVELOPMENT_TEAM = W7K9Q4Z2Y3;
				INFOPLIST_FILE = TestingCoreData/Info.plist;
				LD_RUNPATH_SEARCH_PATHS = (
					"$(inherited)",
					"@executable_path/Frameworks",
				);
				PRODUCT_BUNDLE_IDENTIFIER = "Feeny-Corp.TestingCoreData";
				PRODUCT_NAME = "$(TARGET_NAME)";
				SWIFT_VERSION = 4.2;
				TARGETED_DEVICE_FAMILY = "1,2";
			};
			name = Release;
		};
/* End XCBuildConfiguration section */

/* Begin XCConfigurationList section */
		7D437BF72172845F00B65CDC /* Build configuration list for PBXProject "TestingCoreData" */ = {
			isa = XCConfigurationList;
			buildConfigurations = (
				7D437C0F2172846000B65CDC /* Debug */,
				7D437C102172846000B65CDC /* Release */,
			);
			defaultConfigurationIsVisible = 0;
			defaultConfigurationName = Release;
		};
		7D437C112172846000B65CDC /* Build configuration list for PBXNativeTarget "TestingCoreData" */ = {
			isa = XCConfigurationList;
			buildConfigurations = (
				7D437C122172846000B65CDC /* Debug */,
				7D437C132172846000B65CDC /* Release */,
			);
			defaultConfigurationIsVisible = 0;
			defaultConfigurationName = Release;
		};
/* End XCConfigurationList section */

/* Begin XCVersionGroup section */
		7D437C062172845F00B65CDC /* TestingCoreData.xcdatamodeld */ = {
			isa = XCVersionGroup;
			children = (
				7D437C072172845F00B65CDC /* TestingCoreData.xcdatamodel */,
			);
			currentVersion = 7D437C072172845F00B65CDC /* TestingCoreData.xcdatamodel */;
			path = TestingCoreData.xcdatamodeld;
			sourceTree = "<group>";
			versionGroupType = wrapper.xcdatamodel;
		};
/* End XCVersionGroup section */
	};
	rootObject = 7D437BF42172845F00B65CDC /* Project object */;
}
